
Microsoft Visual Studio Solution File, Format Version 12.00
# Visual Studio Version 16
VisualStudioVersion = 16.0.29102.190
MinimumVisualStudioVersion = 10.0.40219.1
Project("{FAE04EC0-301F-11D3-BF4B-00C04F79EFBC}") = "AkkaSample", "AkkaSample\AkkaSample.csproj", "{0BD54AA7-3C06-49E8-A3E0-61CF13AB318E}"
EndProject
Project("{FAE04EC0-301F-11D3-BF4B-00C04F79EFBC}") = "AkkaSample.Api", "AkkaSample.Api\AkkaSample.Api.csproj", "{215938CD-D781-4F7D-B0E0-3AD565DC1BF0}"
EndProject
Global
	GlobalSection(SolutionConfigurationPlatforms) = preSolution
		Debug|Any CPU = Debug|Any CPU
		Release|Any CPU = Release|Any CPU
	EndGlobalSection
	GlobalSection(ProjectConfigurationPlatforms) = postSolution
		{0BD54AA7-3C06-49E8-A3E0-61CF13AB318E}.Debug|Any CPU.ActiveCfg = Debug|Any CPU
		{0BD54AA7-3C06-49E8-A3E0-61CF13AB318E}.Debug|Any CPU.Build.0 = Debug|Any CPU
		{0BD54AA7-3C06-49E8-A3E0-61CF13AB318E}.Release|Any CPU.ActiveCfg = Release|Any CPU
		{0BD54AA7-3C06-49E8-A3E0-61CF13AB318E}.Release|Any CPU.Build.0 = Release|Any CPU
		{215938CD-D781-4F7D-B0E0-3AD565DC1BF0}.Debug|Any CPU.ActiveCfg = Debug|Any CPU
		{215938CD-D781-4F7D-B0E0-3AD565DC1BF0}.Debug|Any CPU.Build.0 = Debug|Any CPU
		{215938CD-D781-4F7D-B0E0-3AD565DC1BF0}.Release|Any CPU.ActiveCfg = Release|Any CPU
		{215938CD-D781-4F7D-B0E0-3AD565DC1BF0}.Release|Any CPU.Build.0 = Release|Any CPU
	EndGlobalSection
	GlobalSection(SolutionProperties) = preSolution
		HideSolutionNode = FALSE
	EndGlobalSection
	GlobalSection(ExtensibilityGlobals) = postSolution
		SolutionGuid = {C493D80E-B0AB-4634-9F6D-C76238E4BCD5}
	EndGlobalSection
EndGlobal
